// !$*UTF8*$!
{
	archiveVersion = 1;
	classes = {
	};
	objectVersion = 56;
	objects = {

/* Begin PBXBuildFile section */
		AF0070882A9B65D9001A4084 /* WordExampleView.swift in Sources */ = {isa = PBXBuildFile; fileRef = AF0070872A9B65D9001A4084 /* WordExampleView.swift */; };
		AF00708A2A9BD960001A4084 /* JoinedTextView.swift in Sources */ = {isa = PBXBuildFile; fileRef = AF0070892A9BD960001A4084 /* JoinedTextView.swift */; };
		AF00708D2A9CEC0E001A4084 /* LinesView.swift in Sources */ = {isa = PBXBuildFile; fileRef = AF00708C2A9CEC0E001A4084 /* LinesView.swift */; };
		AF0070942A9DC199001A4084 /* IdiomView.swift in Sources */ = {isa = PBXBuildFile; fileRef = AF0070932A9DC199001A4084 /* IdiomView.swift */; };
		AF0070962A9DC1FE001A4084 /* IdiomViewHeader.swift in Sources */ = {isa = PBXBuildFile; fileRef = AF0070952A9DC1FE001A4084 /* IdiomViewHeader.swift */; };
		AF17F93C2A44844200D5631D /* TabBarButton.swift in Sources */ = {isa = PBXBuildFile; fileRef = AF17F93B2A44844200D5631D /* TabBarButton.swift */; };
		AF17F93F2A4485BF00D5631D /* LearningCardView.swift in Sources */ = {isa = PBXBuildFile; fileRef = AF17F93E2A4485BF00D5631D /* LearningCardView.swift */; };
		AF17F9412A4486A100D5631D /* FrontSideVIew.swift in Sources */ = {isa = PBXBuildFile; fileRef = AF17F9402A4486A100D5631D /* FrontSideVIew.swift */; };
		AF17F9432A4486AC00D5631D /* BackSideView.swift in Sources */ = {isa = PBXBuildFile; fileRef = AF17F9422A4486AC00D5631D /* BackSideView.swift */; };
		AF17F9452A449AAF00D5631D /* warodai.txt in Resources */ = {isa = PBXBuildFile; fileRef = AF17F9442A449AAF00D5631D /* warodai.txt */; };
		AF17F9472A449B1700D5631D /* DictionaryModel.swift in Sources */ = {isa = PBXBuildFile; fileRef = AF17F9462A449B1700D5631D /* DictionaryModel.swift */; };
		AF17F9492A44A1C600D5631D /* DictionaryMapper.swift in Sources */ = {isa = PBXBuildFile; fileRef = AF17F9482A44A1C600D5631D /* DictionaryMapper.swift */; };
		AF17F94B2A44A1E000D5631D /* IDataMapper.swift in Sources */ = {isa = PBXBuildFile; fileRef = AF17F94A2A44A1E000D5631D /* IDataMapper.swift */; };
		AF17F94D2A44ABC500D5631D /* DictionaryStore.swift in Sources */ = {isa = PBXBuildFile; fileRef = AF17F94C2A44ABC500D5631D /* DictionaryStore.swift */; };
		AF17F94F2A478D1400D5631D /* SelectLevel.swift in Sources */ = {isa = PBXBuildFile; fileRef = AF17F94E2A478D1400D5631D /* SelectLevel.swift */; };
		AF1EB0562A972E4B00850A3B /* Store.swift in Sources */ = {isa = PBXBuildFile; fileRef = AF1EB0552A972E4B00850A3B /* Store.swift */; };
		AF1EB05C2A97618A00850A3B /* WordRowView.swift in Sources */ = {isa = PBXBuildFile; fileRef = AF1EB05B2A97618A00850A3B /* WordRowView.swift */; };
		AF1EB05E2A97756600850A3B /* Kana.csv in Resources */ = {isa = PBXBuildFile; fileRef = AF1EB05D2A97756600850A3B /* Kana.csv */; };
		AF1EB0602A9775A800850A3B /* KanaMapper.swift in Sources */ = {isa = PBXBuildFile; fileRef = AF1EB05F2A9775A800850A3B /* KanaMapper.swift */; };
		AF1EB0642A97760C00850A3B /* KanaModel.swift in Sources */ = {isa = PBXBuildFile; fileRef = AF1EB0632A97760C00850A3B /* KanaModel.swift */; };
		AF1EB0662A97796600850A3B /* KanaStore.swift in Sources */ = {isa = PBXBuildFile; fileRef = AF1EB0652A97796600850A3B /* KanaStore.swift */; };
		AF1EB0682A977E3D00850A3B /* Kana.json in Resources */ = {isa = PBXBuildFile; fileRef = AF1EB0672A977E3D00850A3B /* Kana.json */; };
		AF1EB06A2A98E12A00850A3B /* KanjiToUserListView.swift in Sources */ = {isa = PBXBuildFile; fileRef = AF1EB0692A98E12A00850A3B /* KanjiToUserListView.swift */; };
		AF1EB06C2A98E97800850A3B /* Kanji.json in Resources */ = {isa = PBXBuildFile; fileRef = AF1EB06B2A98E97800850A3B /* Kanji.json */; };
		AF1EB0782A994DDD00850A3B /* Dictionary.json in Resources */ = {isa = PBXBuildFile; fileRef = AF1EB0772A994DDD00850A3B /* Dictionary.json */; };
		AF1EB07A2A99693200850A3B /* String + Extensions.swift in Sources */ = {isa = PBXBuildFile; fileRef = AF1EB0792A99693200850A3B /* String + Extensions.swift */; };
		AF30EAFE29E9FE1C00E5B7A9 /* ZeroGothic.otf in Resources */ = {isa = PBXBuildFile; fileRef = AF30EAFD29E9FE1C00E5B7A9 /* ZeroGothic.otf */; };
		AF30EB0029EAB79900E5B7A9 /* Images.xcassets in Resources */ = {isa = PBXBuildFile; fileRef = AF30EAFF29EAB79900E5B7A9 /* Images.xcassets */; };
		AF30EB0229EAB7DF00E5B7A9 /* OpenScrollView.swift in Sources */ = {isa = PBXBuildFile; fileRef = AF30EB0129EAB7DF00E5B7A9 /* OpenScrollView.swift */; };
		AF30EB0729EAC3E200E5B7A9 /* unaojapon-p-2.ttf in Resources */ = {isa = PBXBuildFile; fileRef = AF30EB0629EAC3E200E5B7A9 /* unaojapon-p-2.ttf */; };
		AF30EB1129EB0A0C00E5B7A9 /* Level.swift in Sources */ = {isa = PBXBuildFile; fileRef = AF30EB1029EB0A0C00E5B7A9 /* Level.swift */; };
		AF3A72B62A7D18CD00A5513C /* SelectGroupView.swift in Sources */ = {isa = PBXBuildFile; fileRef = AF3A72B52A7D18CD00A5513C /* SelectGroupView.swift */; };
		AF3A72B82A7D1C3000A5513C /* ScrollPartsModifires.swift in Sources */ = {isa = PBXBuildFile; fileRef = AF3A72B72A7D1C3000A5513C /* ScrollPartsModifires.swift */; };
		AF3A72BA2A7D4AD500A5513C /* CloseScrollView.swift in Sources */ = {isa = PBXBuildFile; fileRef = AF3A72B92A7D4AD500A5513C /* CloseScrollView.swift */; };
		AF3A72BC2A7E4AC500A5513C /* ElementSize.swift in Sources */ = {isa = PBXBuildFile; fileRef = AF3A72BB2A7E4AC500A5513C /* ElementSize.swift */; };
		AF3A72C22A80512800A5513C /* PartialRoundedRectangle.swift in Sources */ = {isa = PBXBuildFile; fileRef = AF3A72C12A80512800A5513C /* PartialRoundedRectangle.swift */; };
		AF4F2A9C2AB1C09C00F38EE9 /* Giseigo.csv in Resources */ = {isa = PBXBuildFile; fileRef = AF4F2A9B2AB1C09C00F38EE9 /* Giseigo.csv */; };
		AF4F2A9E2AB1C0EA00F38EE9 /* GiseigoMapper.swift in Sources */ = {isa = PBXBuildFile; fileRef = AF4F2A9D2AB1C0EA00F38EE9 /* GiseigoMapper.swift */; };
		AF4F2AA02AB1C13400F38EE9 /* GiseigoModel.swift in Sources */ = {isa = PBXBuildFile; fileRef = AF4F2A9F2AB1C13400F38EE9 /* GiseigoModel.swift */; };
		AF4F2AA22AB1C67000F38EE9 /* GiseigoStore.swift in Sources */ = {isa = PBXBuildFile; fileRef = AF4F2AA12AB1C67000F38EE9 /* GiseigoStore.swift */; };
		AF4F2AA42AB1CB4200F38EE9 /* Giseigo.json in Resources */ = {isa = PBXBuildFile; fileRef = AF4F2AA32AB1CB4200F38EE9 /* Giseigo.json */; };
		AF52678D2A950B2F00A14CCD /* Json.swift in Sources */ = {isa = PBXBuildFile; fileRef = AF52678C2A950B2F00A14CCD /* Json.swift */; };
		AF5600732AA46B4B00F0123C /* Yojijukugo.csv in Resources */ = {isa = PBXBuildFile; fileRef = AF5600722AA46B4B00F0123C /* Yojijukugo.csv */; };
		AF5600752AA46C2500F0123C /* YojijukugoMapper.swift in Sources */ = {isa = PBXBuildFile; fileRef = AF5600742AA46C2500F0123C /* YojijukugoMapper.swift */; };
		AF5600772AA46C9400F0123C /* YojijukugoModel.swift in Sources */ = {isa = PBXBuildFile; fileRef = AF5600762AA46C9400F0123C /* YojijukugoModel.swift */; };
		AF5600792AA46E9B00F0123C /* YojijukugoStore.swift in Sources */ = {isa = PBXBuildFile; fileRef = AF5600782AA46E9B00F0123C /* YojijukugoStore.swift */; };
		AF69CE712A001739009C7B92 /* ButtonsImages.swift in Sources */ = {isa = PBXBuildFile; fileRef = AF69CE702A001739009C7B92 /* ButtonsImages.swift */; };
		AF6A2DF229E5AF5100D7C1A9 /* BackgroundView.swift in Sources */ = {isa = PBXBuildFile; fileRef = AF6A2DF129E5AF5100D7C1A9 /* BackgroundView.swift */; };
		AF6A2E0129E62CDA00D7C1A9 /* RefactoredStores.swift in Sources */ = {isa = PBXBuildFile; fileRef = AF6A2E0029E62CDA00D7C1A9 /* RefactoredStores.swift */; };
		AF6A2E0429E721BE00D7C1A9 /* KanjiStore.swift in Sources */ = {isa = PBXBuildFile; fileRef = AF6A2E0329E721BE00D7C1A9 /* KanjiStore.swift */; };
		AF6A2E0629E7267400D7C1A9 /* IStore.swift in Sources */ = {isa = PBXBuildFile; fileRef = AF6A2E0529E7267400D7C1A9 /* IStore.swift */; };
		AF960B412A83C70600A33373 /* CustomSlider.swift in Sources */ = {isa = PBXBuildFile; fileRef = AF960B402A83C70500A33373 /* CustomSlider.swift */; };
		AF960B432A855DD000A33373 /* LearningView.swift in Sources */ = {isa = PBXBuildFile; fileRef = AF960B422A855DD000A33373 /* LearningView.swift */; };
		AF960B472A8563C200A33373 /* Modifiers.swift in Sources */ = {isa = PBXBuildFile; fileRef = AF960B462A8563C200A33373 /* Modifiers.swift */; };
		AF960B492A85734100A33373 /* KanjiFlow.swift in Sources */ = {isa = PBXBuildFile; fileRef = AF960B482A85734100A33373 /* KanjiFlow.swift */; };
		AF960B4B2A8578D400A33373 /* LearningFrontSideView.swift in Sources */ = {isa = PBXBuildFile; fileRef = AF960B4A2A8578D400A33373 /* LearningFrontSideView.swift */; };
		AF9CCE6829F3C12F006B17F3 /* MainTabView.swift in Sources */ = {isa = PBXBuildFile; fileRef = AF9CCE6729F3C12F006B17F3 /* MainTabView.swift */; };
		AFA6704D2A4B23BB00ED639D /* CoreDataManager.swift in Sources */ = {isa = PBXBuildFile; fileRef = AFA6704C2A4B23BB00ED639D /* CoreDataManager.swift */; };
		AFAF80DA29D9C646002B9921 /* KanjiProjectApp.swift in Sources */ = {isa = PBXBuildFile; fileRef = AFAF80D929D9C646002B9921 /* KanjiProjectApp.swift */; };
		AFAF80DE29D9C647002B9921 /* Assets.xcassets in Resources */ = {isa = PBXBuildFile; fileRef = AFAF80DD29D9C647002B9921 /* Assets.xcassets */; };
		AFAF80E129D9C647002B9921 /* Preview Assets.xcassets in Resources */ = {isa = PBXBuildFile; fileRef = AFAF80E029D9C647002B9921 /* Preview Assets.xcassets */; };
		AFAF80EE29D9CEBF002B9921 /* KanjiModel.swift in Sources */ = {isa = PBXBuildFile; fileRef = AFAF80ED29D9CEBF002B9921 /* KanjiModel.swift */; };
		AFAF80F129D9DC5F002B9921 /* IFileManager.swift in Sources */ = {isa = PBXBuildFile; fileRef = AFAF80F029D9DC5F002B9921 /* IFileManager.swift */; };
		AFAF80F429D9DCD6002B9921 /* FileManage.swift in Sources */ = {isa = PBXBuildFile; fileRef = AFAF80F329D9DCD6002B9921 /* FileManage.swift */; };
		AFAF80FB29D9E1CA002B9921 /* Kanji.csv in Resources */ = {isa = PBXBuildFile; fileRef = AFAF80FA29D9DE6F002B9921 /* Kanji.csv */; };
		AFAF80FE29D9E59C002B9921 /* IFileMapper.swift in Sources */ = {isa = PBXBuildFile; fileRef = AFAF80FD29D9E59C002B9921 /* IFileMapper.swift */; };
		AFAF810029D9E690002B9921 /* FileMapper.swift in Sources */ = {isa = PBXBuildFile; fileRef = AFAF80FF29D9E690002B9921 /* FileMapper.swift */; };
		AFAF810429D9E801002B9921 /* KanjiMapper.swift in Sources */ = {isa = PBXBuildFile; fileRef = AFAF810329D9E801002B9921 /* KanjiMapper.swift */; };
		AFB32FE92A93825F00934C09 /* WordDetailView.swift in Sources */ = {isa = PBXBuildFile; fileRef = AFB32FE82A93825F00934C09 /* WordDetailView.swift */; };
		AFBA6FF929F3640F008E11BB /* CustomFonts.swift in Sources */ = {isa = PBXBuildFile; fileRef = AFBA6FF829F3640F008E11BB /* CustomFonts.swift */; };
		AFC3CB9C2A8587AA00DD59D4 /* LearningCell.swift in Sources */ = {isa = PBXBuildFile; fileRef = AFC3CB9B2A8587AA00DD59D4 /* LearningCell.swift */; };
		AFC3CB9E2A85B78500DD59D4 /* DismissButton.swift in Sources */ = {isa = PBXBuildFile; fileRef = AFC3CB9D2A85B78500DD59D4 /* DismissButton.swift */; };
		AFD0B3C22AA47A0F0045C0D0 /* Yojijukugo.json in Resources */ = {isa = PBXBuildFile; fileRef = AFD0B3C12AA47A0F0045C0D0 /* Yojijukugo.json */; };
		AFEF74452AB4B1B5002AB67D /* UserListView.swift in Sources */ = {isa = PBXBuildFile; fileRef = AFEF74442AB4B1B5002AB67D /* UserListView.swift */; };
		AFEF74492AB5C6B4002AB67D /* View + Extension.swift in Sources */ = {isa = PBXBuildFile; fileRef = AFEF74482AB5C6B4002AB67D /* View + Extension.swift */; };
		AFF443A22A51B05100FF4404 /* SavedData.xcdatamodeld in Sources */ = {isa = PBXBuildFile; fileRef = AFF443A02A51B05100FF4404 /* SavedData.xcdatamodeld */; };
		AFF528372AB2F71200CC5453 /* SelectedKanjiListRow.swift in Sources */ = {isa = PBXBuildFile; fileRef = AFF528362AB2F71200CC5453 /* SelectedKanjiListRow.swift */; };
		AFF528392AB32E1D00CC5453 /* UserWordList.swift in Sources */ = {isa = PBXBuildFile; fileRef = AFF528382AB32E1D00CC5453 /* UserWordList.swift */; };
		AFFC08AD2A822AF60043B741 /* KanjiView.swift in Sources */ = {isa = PBXBuildFile; fileRef = AFFC08AC2A822AF60043B741 /* KanjiView.swift */; };
		AFFC08B02A8234980043B741 /* CustomNavigationBarView.swift in Sources */ = {isa = PBXBuildFile; fileRef = AFFC08AF2A8234980043B741 /* CustomNavigationBarView.swift */; };
		AFFC08B42A823EAB0043B741 /* LevelButton.swift in Sources */ = {isa = PBXBuildFile; fileRef = AFFC08B32A823EAB0043B741 /* LevelButton.swift */; };
		AFFC08C22A829E3E0043B741 /* KanjiRow.swift in Sources */ = {isa = PBXBuildFile; fileRef = AFFC08C12A829E3E0043B741 /* KanjiRow.swift */; };
		AFFC08C42A82A6840043B741 /* Settings.swift in Sources */ = {isa = PBXBuildFile; fileRef = AFFC08C32A82A6840043B741 /* Settings.swift */; };
		AFFC08C62A82CE4D0043B741 /* ProgressIndicatorLine.swift in Sources */ = {isa = PBXBuildFile; fileRef = AFFC08C52A82CE4D0043B741 /* ProgressIndicatorLine.swift */; };
/* End PBXBuildFile section */

/* Begin PBXFileReference section */
		AF0070872A9B65D9001A4084 /* WordExampleView.swift */ = {isa = PBXFileReference; lastKnownFileType = sourcecode.swift; path = WordExampleView.swift; sourceTree = "<group>"; };
		AF0070892A9BD960001A4084 /* JoinedTextView.swift */ = {isa = PBXFileReference; lastKnownFileType = sourcecode.swift; path = JoinedTextView.swift; sourceTree = "<group>"; };
		AF00708C2A9CEC0E001A4084 /* LinesView.swift */ = {isa = PBXFileReference; lastKnownFileType = sourcecode.swift; path = LinesView.swift; sourceTree = "<group>"; };
		AF0070932A9DC199001A4084 /* IdiomView.swift */ = {isa = PBXFileReference; lastKnownFileType = sourcecode.swift; path = IdiomView.swift; sourceTree = "<group>"; };
		AF0070952A9DC1FE001A4084 /* IdiomViewHeader.swift */ = {isa = PBXFileReference; lastKnownFileType = sourcecode.swift; path = IdiomViewHeader.swift; sourceTree = "<group>"; };
		AF17F93B2A44844200D5631D /* TabBarButton.swift */ = {isa = PBXFileReference; lastKnownFileType = sourcecode.swift; path = TabBarButton.swift; sourceTree = "<group>"; };
		AF17F93E2A4485BF00D5631D /* LearningCardView.swift */ = {isa = PBXFileReference; lastKnownFileType = sourcecode.swift; path = LearningCardView.swift; sourceTree = "<group>"; };
		AF17F9402A4486A100D5631D /* FrontSideVIew.swift */ = {isa = PBXFileReference; lastKnownFileType = sourcecode.swift; path = FrontSideVIew.swift; sourceTree = "<group>"; };
		AF17F9422A4486AC00D5631D /* BackSideView.swift */ = {isa = PBXFileReference; lastKnownFileType = sourcecode.swift; path = BackSideView.swift; sourceTree = "<group>"; };
		AF17F9442A449AAF00D5631D /* warodai.txt */ = {isa = PBXFileReference; fileEncoding = 4; lastKnownFileType = text; path = warodai.txt; sourceTree = "<group>"; };
		AF17F9462A449B1700D5631D /* DictionaryModel.swift */ = {isa = PBXFileReference; lastKnownFileType = sourcecode.swift; path = DictionaryModel.swift; sourceTree = "<group>"; };
		AF17F9482A44A1C600D5631D /* DictionaryMapper.swift */ = {isa = PBXFileReference; lastKnownFileType = sourcecode.swift; path = DictionaryMapper.swift; sourceTree = "<group>"; };
		AF17F94A2A44A1E000D5631D /* IDataMapper.swift */ = {isa = PBXFileReference; lastKnownFileType = sourcecode.swift; path = IDataMapper.swift; sourceTree = "<group>"; };
		AF17F94C2A44ABC500D5631D /* DictionaryStore.swift */ = {isa = PBXFileReference; lastKnownFileType = sourcecode.swift; path = DictionaryStore.swift; sourceTree = "<group>"; };
		AF17F94E2A478D1400D5631D /* SelectLevel.swift */ = {isa = PBXFileReference; lastKnownFileType = sourcecode.swift; path = SelectLevel.swift; sourceTree = "<group>"; };
		AF1EB0552A972E4B00850A3B /* Store.swift */ = {isa = PBXFileReference; lastKnownFileType = sourcecode.swift; path = Store.swift; sourceTree = "<group>"; };
		AF1EB05B2A97618A00850A3B /* WordRowView.swift */ = {isa = PBXFileReference; lastKnownFileType = sourcecode.swift; path = WordRowView.swift; sourceTree = "<group>"; };
		AF1EB05D2A97756600850A3B /* Kana.csv */ = {isa = PBXFileReference; fileEncoding = 4; lastKnownFileType = text; path = Kana.csv; sourceTree = "<group>"; };
		AF1EB05F2A9775A800850A3B /* KanaMapper.swift */ = {isa = PBXFileReference; lastKnownFileType = sourcecode.swift; path = KanaMapper.swift; sourceTree = "<group>"; };
		AF1EB0632A97760C00850A3B /* KanaModel.swift */ = {isa = PBXFileReference; lastKnownFileType = sourcecode.swift; path = KanaModel.swift; sourceTree = "<group>"; };
		AF1EB0652A97796600850A3B /* KanaStore.swift */ = {isa = PBXFileReference; lastKnownFileType = sourcecode.swift; path = KanaStore.swift; sourceTree = "<group>"; };
		AF1EB0672A977E3D00850A3B /* Kana.json */ = {isa = PBXFileReference; fileEncoding = 4; lastKnownFileType = text.json; path = Kana.json; sourceTree = "<group>"; };
		AF1EB0692A98E12A00850A3B /* KanjiToUserListView.swift */ = {isa = PBXFileReference; lastKnownFileType = sourcecode.swift; path = KanjiToUserListView.swift; sourceTree = "<group>"; };
		AF1EB06B2A98E97800850A3B /* Kanji.json */ = {isa = PBXFileReference; fileEncoding = 4; lastKnownFileType = text.json; path = Kanji.json; sourceTree = "<group>"; };
		AF1EB0772A994DDD00850A3B /* Dictionary.json */ = {isa = PBXFileReference; fileEncoding = 4; lastKnownFileType = text.json; path = Dictionary.json; sourceTree = "<group>"; };
		AF1EB0792A99693200850A3B /* String + Extensions.swift */ = {isa = PBXFileReference; lastKnownFileType = sourcecode.swift; path = "String + Extensions.swift"; sourceTree = "<group>"; };
		AF30EAFD29E9FE1C00E5B7A9 /* ZeroGothic.otf */ = {isa = PBXFileReference; lastKnownFileType = file; path = ZeroGothic.otf; sourceTree = "<group>"; };
		AF30EAFF29EAB79900E5B7A9 /* Images.xcassets */ = {isa = PBXFileReference; lastKnownFileType = folder.assetcatalog; path = Images.xcassets; sourceTree = "<group>"; };
		AF30EB0129EAB7DF00E5B7A9 /* OpenScrollView.swift */ = {isa = PBXFileReference; lastKnownFileType = sourcecode.swift; path = OpenScrollView.swift; sourceTree = "<group>"; };
		AF30EB0629EAC3E200E5B7A9 /* unaojapon-p-2.ttf */ = {isa = PBXFileReference; lastKnownFileType = file; path = "unaojapon-p-2.ttf"; sourceTree = "<group>"; };
		AF30EB1029EB0A0C00E5B7A9 /* Level.swift */ = {isa = PBXFileReference; lastKnownFileType = sourcecode.swift; path = Level.swift; sourceTree = "<group>"; };
		AF3A72B52A7D18CD00A5513C /* SelectGroupView.swift */ = {isa = PBXFileReference; lastKnownFileType = sourcecode.swift; path = SelectGroupView.swift; sourceTree = "<group>"; };
		AF3A72B72A7D1C3000A5513C /* ScrollPartsModifires.swift */ = {isa = PBXFileReference; lastKnownFileType = sourcecode.swift; path = ScrollPartsModifires.swift; sourceTree = "<group>"; };
		AF3A72B92A7D4AD500A5513C /* CloseScrollView.swift */ = {isa = PBXFileReference; lastKnownFileType = sourcecode.swift; path = CloseScrollView.swift; sourceTree = "<group>"; };
		AF3A72BB2A7E4AC500A5513C /* ElementSize.swift */ = {isa = PBXFileReference; lastKnownFileType = sourcecode.swift; path = ElementSize.swift; sourceTree = "<group>"; };
		AF3A72C12A80512800A5513C /* PartialRoundedRectangle.swift */ = {isa = PBXFileReference; lastKnownFileType = sourcecode.swift; path = PartialRoundedRectangle.swift; sourceTree = "<group>"; };
		AF4F2A9B2AB1C09C00F38EE9 /* Giseigo.csv */ = {isa = PBXFileReference; fileEncoding = 4; lastKnownFileType = text; path = Giseigo.csv; sourceTree = "<group>"; };
		AF4F2A9D2AB1C0EA00F38EE9 /* GiseigoMapper.swift */ = {isa = PBXFileReference; lastKnownFileType = sourcecode.swift; path = GiseigoMapper.swift; sourceTree = "<group>"; };
		AF4F2A9F2AB1C13400F38EE9 /* GiseigoModel.swift */ = {isa = PBXFileReference; lastKnownFileType = sourcecode.swift; path = GiseigoModel.swift; sourceTree = "<group>"; };
		AF4F2AA12AB1C67000F38EE9 /* GiseigoStore.swift */ = {isa = PBXFileReference; lastKnownFileType = sourcecode.swift; path = GiseigoStore.swift; sourceTree = "<group>"; };
		AF4F2AA32AB1CB4200F38EE9 /* Giseigo.json */ = {isa = PBXFileReference; fileEncoding = 4; lastKnownFileType = text.json; path = Giseigo.json; sourceTree = "<group>"; };
		AF52678C2A950B2F00A14CCD /* Json.swift */ = {isa = PBXFileReference; lastKnownFileType = sourcecode.swift; path = Json.swift; sourceTree = "<group>"; };
		AF5600722AA46B4B00F0123C /* Yojijukugo.csv */ = {isa = PBXFileReference; fileEncoding = 4; lastKnownFileType = text; path = Yojijukugo.csv; sourceTree = "<group>"; };
		AF5600742AA46C2500F0123C /* YojijukugoMapper.swift */ = {isa = PBXFileReference; lastKnownFileType = sourcecode.swift; path = YojijukugoMapper.swift; sourceTree = "<group>"; };
		AF5600762AA46C9400F0123C /* YojijukugoModel.swift */ = {isa = PBXFileReference; lastKnownFileType = sourcecode.swift; path = YojijukugoModel.swift; sourceTree = "<group>"; };
		AF5600782AA46E9B00F0123C /* YojijukugoStore.swift */ = {isa = PBXFileReference; lastKnownFileType = sourcecode.swift; path = YojijukugoStore.swift; sourceTree = "<group>"; };
		AF69CE702A001739009C7B92 /* ButtonsImages.swift */ = {isa = PBXFileReference; lastKnownFileType = sourcecode.swift; path = ButtonsImages.swift; sourceTree = "<group>"; };
		AF6A2DF129E5AF5100D7C1A9 /* BackgroundView.swift */ = {isa = PBXFileReference; lastKnownFileType = sourcecode.swift; path = BackgroundView.swift; sourceTree = "<group>"; };
		AF6A2E0029E62CDA00D7C1A9 /* RefactoredStores.swift */ = {isa = PBXFileReference; lastKnownFileType = sourcecode.swift; path = RefactoredStores.swift; sourceTree = "<group>"; };
		AF6A2E0329E721BE00D7C1A9 /* KanjiStore.swift */ = {isa = PBXFileReference; lastKnownFileType = sourcecode.swift; path = KanjiStore.swift; sourceTree = "<group>"; };
		AF6A2E0529E7267400D7C1A9 /* IStore.swift */ = {isa = PBXFileReference; lastKnownFileType = sourcecode.swift; path = IStore.swift; sourceTree = "<group>"; };
		AF960B402A83C70500A33373 /* CustomSlider.swift */ = {isa = PBXFileReference; lastKnownFileType = sourcecode.swift; path = CustomSlider.swift; sourceTree = "<group>"; };
		AF960B422A855DD000A33373 /* LearningView.swift */ = {isa = PBXFileReference; lastKnownFileType = sourcecode.swift; path = LearningView.swift; sourceTree = "<group>"; };
		AF960B462A8563C200A33373 /* Modifiers.swift */ = {isa = PBXFileReference; lastKnownFileType = sourcecode.swift; path = Modifiers.swift; sourceTree = "<group>"; };
		AF960B482A85734100A33373 /* KanjiFlow.swift */ = {isa = PBXFileReference; lastKnownFileType = sourcecode.swift; path = KanjiFlow.swift; sourceTree = "<group>"; };
		AF960B4A2A8578D400A33373 /* LearningFrontSideView.swift */ = {isa = PBXFileReference; lastKnownFileType = sourcecode.swift; path = LearningFrontSideView.swift; sourceTree = "<group>"; };
		AF9CCE6729F3C12F006B17F3 /* MainTabView.swift */ = {isa = PBXFileReference; lastKnownFileType = sourcecode.swift; path = MainTabView.swift; sourceTree = "<group>"; };
		AFA6704C2A4B23BB00ED639D /* CoreDataManager.swift */ = {isa = PBXFileReference; lastKnownFileType = sourcecode.swift; path = CoreDataManager.swift; sourceTree = "<group>"; };
		AFAF80D629D9C646002B9921 /* KanjiProject.app */ = {isa = PBXFileReference; explicitFileType = wrapper.application; includeInIndex = 0; path = KanjiProject.app; sourceTree = BUILT_PRODUCTS_DIR; };
		AFAF80D929D9C646002B9921 /* KanjiProjectApp.swift */ = {isa = PBXFileReference; lastKnownFileType = sourcecode.swift; path = KanjiProjectApp.swift; sourceTree = "<group>"; };
		AFAF80DD29D9C647002B9921 /* Assets.xcassets */ = {isa = PBXFileReference; lastKnownFileType = folder.assetcatalog; path = Assets.xcassets; sourceTree = "<group>"; };
		AFAF80E029D9C647002B9921 /* Preview Assets.xcassets */ = {isa = PBXFileReference; lastKnownFileType = folder.assetcatalog; path = "Preview Assets.xcassets"; sourceTree = "<group>"; };
		AFAF80ED29D9CEBF002B9921 /* KanjiModel.swift */ = {isa = PBXFileReference; lastKnownFileType = sourcecode.swift; path = KanjiModel.swift; sourceTree = "<group>"; };
		AFAF80F029D9DC5F002B9921 /* IFileManager.swift */ = {isa = PBXFileReference; lastKnownFileType = sourcecode.swift; path = IFileManager.swift; sourceTree = "<group>"; };
		AFAF80F329D9DCD6002B9921 /* FileManage.swift */ = {isa = PBXFileReference; lastKnownFileType = sourcecode.swift; path = FileManage.swift; sourceTree = "<group>"; };
		AFAF80FA29D9DE6F002B9921 /* Kanji.csv */ = {isa = PBXFileReference; lastKnownFileType = text; path = Kanji.csv; sourceTree = "<group>"; };
		AFAF80FD29D9E59C002B9921 /* IFileMapper.swift */ = {isa = PBXFileReference; lastKnownFileType = sourcecode.swift; path = IFileMapper.swift; sourceTree = "<group>"; };
		AFAF80FF29D9E690002B9921 /* FileMapper.swift */ = {isa = PBXFileReference; lastKnownFileType = sourcecode.swift; path = FileMapper.swift; sourceTree = "<group>"; };
		AFAF810329D9E801002B9921 /* KanjiMapper.swift */ = {isa = PBXFileReference; lastKnownFileType = sourcecode.swift; path = KanjiMapper.swift; sourceTree = "<group>"; };
		AFB32FE82A93825F00934C09 /* WordDetailView.swift */ = {isa = PBXFileReference; lastKnownFileType = sourcecode.swift; path = WordDetailView.swift; sourceTree = "<group>"; };
		AFBA6FF829F3640F008E11BB /* CustomFonts.swift */ = {isa = PBXFileReference; lastKnownFileType = sourcecode.swift; path = CustomFonts.swift; sourceTree = "<group>"; };
		AFC3CB9B2A8587AA00DD59D4 /* LearningCell.swift */ = {isa = PBXFileReference; lastKnownFileType = sourcecode.swift; path = LearningCell.swift; sourceTree = "<group>"; };
		AFC3CB9D2A85B78500DD59D4 /* DismissButton.swift */ = {isa = PBXFileReference; lastKnownFileType = sourcecode.swift; path = DismissButton.swift; sourceTree = "<group>"; };
		AFD0B3C12AA47A0F0045C0D0 /* Yojijukugo.json */ = {isa = PBXFileReference; fileEncoding = 4; lastKnownFileType = text.json; path = Yojijukugo.json; sourceTree = "<group>"; };
		AFEF74442AB4B1B5002AB67D /* UserListView.swift */ = {isa = PBXFileReference; lastKnownFileType = sourcecode.swift; path = UserListView.swift; sourceTree = "<group>"; };
		AFEF74482AB5C6B4002AB67D /* View + Extension.swift */ = {isa = PBXFileReference; lastKnownFileType = sourcecode.swift; path = "View + Extension.swift"; sourceTree = "<group>"; };
		AFF443A12A51B05100FF4404 /* SavedData.xcdatamodel */ = {isa = PBXFileReference; lastKnownFileType = wrapper.xcdatamodel; path = SavedData.xcdatamodel; sourceTree = "<group>"; };
		AFF528362AB2F71200CC5453 /* SelectedKanjiListRow.swift */ = {isa = PBXFileReference; lastKnownFileType = sourcecode.swift; path = SelectedKanjiListRow.swift; sourceTree = "<group>"; };
		AFF528382AB32E1D00CC5453 /* UserWordList.swift */ = {isa = PBXFileReference; lastKnownFileType = sourcecode.swift; path = UserWordList.swift; sourceTree = "<group>"; };
		AFFC08AC2A822AF60043B741 /* KanjiView.swift */ = {isa = PBXFileReference; lastKnownFileType = sourcecode.swift; path = KanjiView.swift; sourceTree = "<group>"; };
		AFFC08AF2A8234980043B741 /* CustomNavigationBarView.swift */ = {isa = PBXFileReference; lastKnownFileType = sourcecode.swift; path = CustomNavigationBarView.swift; sourceTree = "<group>"; };
		AFFC08B32A823EAB0043B741 /* LevelButton.swift */ = {isa = PBXFileReference; lastKnownFileType = sourcecode.swift; path = LevelButton.swift; sourceTree = "<group>"; };
		AFFC08C12A829E3E0043B741 /* KanjiRow.swift */ = {isa = PBXFileReference; lastKnownFileType = sourcecode.swift; path = KanjiRow.swift; sourceTree = "<group>"; };
		AFFC08C32A82A6840043B741 /* Settings.swift */ = {isa = PBXFileReference; lastKnownFileType = sourcecode.swift; path = Settings.swift; sourceTree = "<group>"; };
		AFFC08C52A82CE4D0043B741 /* ProgressIndicatorLine.swift */ = {isa = PBXFileReference; lastKnownFileType = sourcecode.swift; path = ProgressIndicatorLine.swift; sourceTree = "<group>"; };
/* End PBXFileReference section */

/* Begin PBXFrameworksBuildPhase section */
		AFAF80D329D9C646002B9921 /* Frameworks */ = {
			isa = PBXFrameworksBuildPhase;
			buildActionMask = 2147483647;
			files = (
			);
			runOnlyForDeploymentPostprocessing = 0;
		};
/* End PBXFrameworksBuildPhase section */

/* Begin PBXGroup section */
		AF00708B2A9CEBD2001A4084 /* Grafics */ = {
			isa = PBXGroup;
			children = (
				AF3A72C12A80512800A5513C /* PartialRoundedRectangle.swift */,
				AF00708C2A9CEC0E001A4084 /* LinesView.swift */,
			);
			path = Grafics;
			sourceTree = "<group>";
		};
		AF0070922A9DC17C001A4084 /* IdiomView */ = {
			isa = PBXGroup;
			children = (
				AF0070932A9DC199001A4084 /* IdiomView.swift */,
			);
			path = IdiomView;
			sourceTree = "<group>";
		};
		AF17F93D2A4485A500D5631D /* KanjiView */ = {
			isa = PBXGroup;
			children = (
				AFFC08AC2A822AF60043B741 /* KanjiView.swift */,
				AF960B422A855DD000A33373 /* LearningView.swift */,
				AFB32FE82A93825F00934C09 /* WordDetailView.swift */,
				AF1EB0692A98E12A00850A3B /* KanjiToUserListView.swift */,
			);
			path = KanjiView;
			sourceTree = "<group>";
		};
		AF1EB0542A972D6600850A3B /* Stores */ = {
			isa = PBXGroup;
			children = (
				AF6A2E0329E721BE00D7C1A9 /* KanjiStore.swift */,
				AF17F94C2A44ABC500D5631D /* DictionaryStore.swift */,
				AF1EB0652A97796600850A3B /* KanaStore.swift */,
				AF5600782AA46E9B00F0123C /* YojijukugoStore.swift */,
				AF4F2AA12AB1C67000F38EE9 /* GiseigoStore.swift */,
				AF1EB0552A972E4B00850A3B /* Store.swift */,
			);
			path = Stores;
			sourceTree = "<group>";
		};
		AF30EAF929E9F9D900E5B7A9 /* Fonts */ = {
			isa = PBXGroup;
			children = (
				AF30EAFD29E9FE1C00E5B7A9 /* ZeroGothic.otf */,
				AF30EB0629EAC3E200E5B7A9 /* unaojapon-p-2.ttf */,
			);
			path = Fonts;
			sourceTree = "<group>";
		};
		AF52678B2A950B0F00A14CCD /* JSON */ = {
			isa = PBXGroup;
			children = (
				AF52678C2A950B2F00A14CCD /* Json.swift */,
				AFEF74472AB5ABC3002AB67D /* Files */,
			);
			path = JSON;
			sourceTree = "<group>";
		};
		AF6A2E0929E7358800D7C1A9 /* ViewObjects */ = {
			isa = PBXGroup;
			children = (
				AF6A2DF129E5AF5100D7C1A9 /* BackgroundView.swift */,
				AF30EB0129EAB7DF00E5B7A9 /* OpenScrollView.swift */,
				AF3A72B92A7D4AD500A5513C /* CloseScrollView.swift */,
			);
			path = ViewObjects;
			sourceTree = "<group>";
		};
		AF6A2E0A29E735BD00D7C1A9 /* Core */ = {
			isa = PBXGroup;
			children = (
				AF00708B2A9CEBD2001A4084 /* Grafics */,
				AFAF80E929D9C740002B9921 /* Views */,
			);
			path = Core;
			sourceTree = "<group>";
		};
		AF78E6B92A49BC1300D43ED7 /* Components */ = {
			isa = PBXGroup;
			children = (
				AF960B4A2A8578D400A33373 /* LearningFrontSideView.swift */,
				AFFC08AF2A8234980043B741 /* CustomNavigationBarView.swift */,
				AFFC08C12A829E3E0043B741 /* KanjiRow.swift */,
				AFFC08B32A823EAB0043B741 /* LevelButton.swift */,
				AFFC08C52A82CE4D0043B741 /* ProgressIndicatorLine.swift */,
				AF960B402A83C70500A33373 /* CustomSlider.swift */,
				AFC3CB9B2A8587AA00DD59D4 /* LearningCell.swift */,
				AFC3CB9D2A85B78500DD59D4 /* DismissButton.swift */,
				AF0070952A9DC1FE001A4084 /* IdiomViewHeader.swift */,
				AF1EB05B2A97618A00850A3B /* WordRowView.swift */,
				AF0070872A9B65D9001A4084 /* WordExampleView.swift */,
				AF0070892A9BD960001A4084 /* JoinedTextView.swift */,
			);
			path = Components;
			sourceTree = "<group>";
		};
		AFA6704B2A4B23A500ED639D /* CoreData */ = {
			isa = PBXGroup;
			children = (
				AFF443A02A51B05100FF4404 /* SavedData.xcdatamodeld */,
				AFA6704C2A4B23BB00ED639D /* CoreDataManager.swift */,
			);
			path = CoreData;
			sourceTree = "<group>";
		};
		AFACD9C52A7A80B500F4091F /* Refactor */ = {
			isa = PBXGroup;
			children = (
				AFFC08BC2A82773B0043B741 /* KanjiViewScrolls */,
				AF30EAFF29EAB79900E5B7A9 /* Images.xcassets */,
				AF6A2E0929E7358800D7C1A9 /* ViewObjects */,
				AFFC08AB2A8190E50043B741 /* Components */,
				AFAF80EF29D9DC33002B9921 /* Protocols */,
				AFAF80F229D9DCBF002B9921 /* Mappers */,
				AFAF80F529D9DDF8002B9921 /* Files */,
				AF6A2E0029E62CDA00D7C1A9 /* RefactoredStores.swift */,
			);
			path = Refactor;
			sourceTree = "<group>";
		};
		AFAF80CD29D9C645002B9921 = {
			isa = PBXGroup;
			children = (
				AFAF80D829D9C646002B9921 /* KanjiProject */,
				AFACD9C52A7A80B500F4091F /* Refactor */,
				AFAF80D729D9C646002B9921 /* Products */,
			);
			sourceTree = "<group>";
		};
		AFAF80D729D9C646002B9921 /* Products */ = {
			isa = PBXGroup;
			children = (
				AFAF80D629D9C646002B9921 /* KanjiProject.app */,
			);
			name = Products;
			sourceTree = "<group>";
		};
		AFAF80D829D9C646002B9921 /* KanjiProject */ = {
			isa = PBXGroup;
			children = (
				AFAF80D929D9C646002B9921 /* KanjiProjectApp.swift */,
				AF78E6B92A49BC1300D43ED7 /* Components */,
				AFB747E22A44776D005FEC17 /* TabBar */,
				AF6A2E0A29E735BD00D7C1A9 /* Core */,
				AF52678B2A950B0F00A14CCD /* JSON */,
				AFA6704B2A4B23A500ED639D /* CoreData */,
				AFAF80FC29D9E329002B9921 /* Assets */,
				AFAF80DF29D9C647002B9921 /* Preview Content */,
				AFAF80EC29D9CEB0002B9921 /* Models */,
				AF1EB0542A972D6600850A3B /* Stores */,
			);
			path = KanjiProject;
			sourceTree = "<group>";
		};
		AFAF80DF29D9C647002B9921 /* Preview Content */ = {
			isa = PBXGroup;
			children = (
				AFAF80E029D9C647002B9921 /* Preview Assets.xcassets */,
			);
			path = "Preview Content";
			sourceTree = "<group>";
		};
		AFAF80E929D9C740002B9921 /* Views */ = {
			isa = PBXGroup;
			children = (
				AF17F93D2A4485A500D5631D /* KanjiView */,
				AF0070922A9DC17C001A4084 /* IdiomView */,
				AFEF74462AB4B1BD002AB67D /* UserListView */,
			);
			path = Views;
			sourceTree = "<group>";
		};
		AFAF80EC29D9CEB0002B9921 /* Models */ = {
			isa = PBXGroup;
			children = (
				AF17F9462A449B1700D5631D /* DictionaryModel.swift */,
				AFAF80ED29D9CEBF002B9921 /* KanjiModel.swift */,
				AF1EB0632A97760C00850A3B /* KanaModel.swift */,
				AF30EB1029EB0A0C00E5B7A9 /* Level.swift */,
				AF960B482A85734100A33373 /* KanjiFlow.swift */,
				AF4F2A9F2AB1C13400F38EE9 /* GiseigoModel.swift */,
				AF5600762AA46C9400F0123C /* YojijukugoModel.swift */,
				AFF528362AB2F71200CC5453 /* SelectedKanjiListRow.swift */,
				AFF528382AB32E1D00CC5453 /* UserWordList.swift */,
			);
			path = Models;
			sourceTree = "<group>";
		};
		AFAF80EF29D9DC33002B9921 /* Protocols */ = {
			isa = PBXGroup;
			children = (
				AFAF80F029D9DC5F002B9921 /* IFileManager.swift */,
				AFAF80FD29D9E59C002B9921 /* IFileMapper.swift */,
				AF6A2E0529E7267400D7C1A9 /* IStore.swift */,
				AF17F94A2A44A1E000D5631D /* IDataMapper.swift */,
			);
			path = Protocols;
			sourceTree = "<group>";
		};
		AFAF80F229D9DCBF002B9921 /* Mappers */ = {
			isa = PBXGroup;
			children = (
				AFAF80F329D9DCD6002B9921 /* FileManage.swift */,
				AFAF80FF29D9E690002B9921 /* FileMapper.swift */,
				AFAF810329D9E801002B9921 /* KanjiMapper.swift */,
				AF1EB05F2A9775A800850A3B /* KanaMapper.swift */,
				AF4F2A9D2AB1C0EA00F38EE9 /* GiseigoMapper.swift */,
				AF17F9482A44A1C600D5631D /* DictionaryMapper.swift */,
				AF5600742AA46C2500F0123C /* YojijukugoMapper.swift */,
			);
			path = Mappers;
			sourceTree = "<group>";
		};
		AFAF80F529D9DDF8002B9921 /* Files */ = {
			isa = PBXGroup;
			children = (
				AFAF80F929D9DE66002B9921 /* CSVFiles */,
				AFAF80F629D9DE22002B9921 /* TXTFiles */,
			);
			path = Files;
			sourceTree = "<group>";
		};
		AFAF80F629D9DE22002B9921 /* TXTFiles */ = {
			isa = PBXGroup;
			children = (
				AF17F9442A449AAF00D5631D /* warodai.txt */,
			);
			path = TXTFiles;
			sourceTree = "<group>";
		};
		AFAF80F929D9DE66002B9921 /* CSVFiles */ = {
			isa = PBXGroup;
			children = (
				AFAF80FA29D9DE6F002B9921 /* Kanji.csv */,
				AF1EB05D2A97756600850A3B /* Kana.csv */,
				AF4F2A9B2AB1C09C00F38EE9 /* Giseigo.csv */,
				AF5600722AA46B4B00F0123C /* Yojijukugo.csv */,
			);
			path = CSVFiles;
			sourceTree = "<group>";
		};
		AFAF80FC29D9E329002B9921 /* Assets */ = {
			isa = PBXGroup;
			children = (
				AFBA6FF729F363F7008E11BB /* Helpers */,
				AF30EAF929E9F9D900E5B7A9 /* Fonts */,
				AFAF80DD29D9C647002B9921 /* Assets.xcassets */,
			);
			path = Assets;
			sourceTree = "<group>";
		};
		AFB747E22A44776D005FEC17 /* TabBar */ = {
			isa = PBXGroup;
			children = (
				AF17F93B2A44844200D5631D /* TabBarButton.swift */,
				AF9CCE6729F3C12F006B17F3 /* MainTabView.swift */,
			);
			path = TabBar;
			sourceTree = "<group>";
		};
		AFBA6FF729F363F7008E11BB /* Helpers */ = {
			isa = PBXGroup;
			children = (
				AFBA6FF829F3640F008E11BB /* CustomFonts.swift */,
				AF69CE702A001739009C7B92 /* ButtonsImages.swift */,
				AF960B462A8563C200A33373 /* Modifiers.swift */,
				AF3A72BB2A7E4AC500A5513C /* ElementSize.swift */,
				AFFC08C32A82A6840043B741 /* Settings.swift */,
				AF1EB0792A99693200850A3B /* String + Extensions.swift */,
				AFEF74482AB5C6B4002AB67D /* View + Extension.swift */,
			);
			path = Helpers;
			sourceTree = "<group>";
		};
		AFEF74462AB4B1BD002AB67D /* UserListView */ = {
			isa = PBXGroup;
			children = (
				AFEF74442AB4B1B5002AB67D /* UserListView.swift */,
			);
			path = UserListView;
			sourceTree = "<group>";
		};
		AFEF74472AB5ABC3002AB67D /* Files */ = {
			isa = PBXGroup;
			children = (
				AF1EB06B2A98E97800850A3B /* Kanji.json */,
				AF1EB0772A994DDD00850A3B /* Dictionary.json */,
				AF1EB0672A977E3D00850A3B /* Kana.json */,
				AFD0B3C12AA47A0F0045C0D0 /* Yojijukugo.json */,
				AF4F2AA32AB1CB4200F38EE9 /* Giseigo.json */,
			);
			path = Files;
			sourceTree = "<group>";
		};
		AFFC08AB2A8190E50043B741 /* Components */ = {
			isa = PBXGroup;
			children = (
				AF3A72B72A7D1C3000A5513C /* ScrollPartsModifires.swift */,
			);
			path = Components;
			sourceTree = "<group>";
		};
		AFFC08BC2A82773B0043B741 /* KanjiViewScrolls */ = {
			isa = PBXGroup;
			children = (
				AF17F93E2A4485BF00D5631D /* LearningCardView.swift */,
				AF17F9402A4486A100D5631D /* FrontSideVIew.swift */,
				AF17F9422A4486AC00D5631D /* BackSideView.swift */,
				AF17F94E2A478D1400D5631D /* SelectLevel.swift */,
				AF3A72B52A7D18CD00A5513C /* SelectGroupView.swift */,
			);
			path = KanjiViewScrolls;
			sourceTree = "<group>";
		};
/* End PBXGroup section */

/* Begin PBXNativeTarget section */
		AFAF80D529D9C646002B9921 /* KanjiProject */ = {
			isa = PBXNativeTarget;
			buildConfigurationList = AFAF80E429D9C647002B9921 /* Build configuration list for PBXNativeTarget "KanjiProject" */;
			buildPhases = (
				AFAF80D229D9C646002B9921 /* Sources */,
				AFAF80D329D9C646002B9921 /* Frameworks */,
				AFAF80D429D9C646002B9921 /* Resources */,
			);
			buildRules = (
			);
			dependencies = (
			);
			name = KanjiProject;
			productName = KanjiProject;
			productReference = AFAF80D629D9C646002B9921 /* KanjiProject.app */;
			productType = "com.apple.product-type.application";
		};
/* End PBXNativeTarget section */

/* Begin PBXProject section */
		AFAF80CE29D9C645002B9921 /* Project object */ = {
			isa = PBXProject;
			attributes = {
				BuildIndependentTargetsInParallel = 1;
				KnownAssetTags = (
					New,
				);
				LastSwiftUpdateCheck = 1420;
				LastUpgradeCheck = 1420;
				TargetAttributes = {
					AFAF80D529D9C646002B9921 = {
						CreatedOnToolsVersion = 14.2;
					};
				};
			};
			buildConfigurationList = AFAF80D129D9C645002B9921 /* Build configuration list for PBXProject "KanjiProject" */;
			compatibilityVersion = "Xcode 14.0";
			developmentRegion = en;
			hasScannedForEncodings = 0;
			knownRegions = (
				en,
				Base,
			);
			mainGroup = AFAF80CD29D9C645002B9921;
			productRefGroup = AFAF80D729D9C646002B9921 /* Products */;
			projectDirPath = "";
			projectRoot = "";
			targets = (
				AFAF80D529D9C646002B9921 /* KanjiProject */,
			);
		};
/* End PBXProject section */

/* Begin PBXResourcesBuildPhase section */
		AFAF80D429D9C646002B9921 /* Resources */ = {
			isa = PBXResourcesBuildPhase;
			buildActionMask = 2147483647;
			files = (
				AF1EB0682A977E3D00850A3B /* Kana.json in Resources */,
				AF1EB06C2A98E97800850A3B /* Kanji.json in Resources */,
				AF17F9452A449AAF00D5631D /* warodai.txt in Resources */,
				AF1EB0782A994DDD00850A3B /* Dictionary.json in Resources */,
				AF4F2A9C2AB1C09C00F38EE9 /* Giseigo.csv in Resources */,
				AF5600732AA46B4B00F0123C /* Yojijukugo.csv in Resources */,
				AFAF80FB29D9E1CA002B9921 /* Kanji.csv in Resources */,
				AF1EB05E2A97756600850A3B /* Kana.csv in Resources */,
				AF30EB0029EAB79900E5B7A9 /* Images.xcassets in Resources */,
				AFD0B3C22AA47A0F0045C0D0 /* Yojijukugo.json in Resources */,
				AF4F2AA42AB1CB4200F38EE9 /* Giseigo.json in Resources */,
				AFAF80E129D9C647002B9921 /* Preview Assets.xcassets in Resources */,
				AFAF80DE29D9C647002B9921 /* Assets.xcassets in Resources */,
				AF30EB0729EAC3E200E5B7A9 /* unaojapon-p-2.ttf in Resources */,
				AF30EAFE29E9FE1C00E5B7A9 /* ZeroGothic.otf in Resources */,
			);
			runOnlyForDeploymentPostprocessing = 0;
		};
/* End PBXResourcesBuildPhase section */

/* Begin PBXSourcesBuildPhase section */
		AFAF80D229D9C646002B9921 /* Sources */ = {
			isa = PBXSourcesBuildPhase;
			buildActionMask = 2147483647;
			files = (
				AF5600792AA46E9B00F0123C /* YojijukugoStore.swift in Sources */,
				AF4F2A9E2AB1C0EA00F38EE9 /* GiseigoMapper.swift in Sources */,
				AF17F9492A44A1C600D5631D /* DictionaryMapper.swift in Sources */,
				AFFC08C22A829E3E0043B741 /* KanjiRow.swift in Sources */,
				AF3A72B62A7D18CD00A5513C /* SelectGroupView.swift in Sources */,
				AF5600752AA46C2500F0123C /* YojijukugoMapper.swift in Sources */,
				AF0070962A9DC1FE001A4084 /* IdiomViewHeader.swift in Sources */,
				AF1EB0562A972E4B00850A3B /* Store.swift in Sources */,
				AF17F94D2A44ABC500D5631D /* DictionaryStore.swift in Sources */,
				AF960B4B2A8578D400A33373 /* LearningFrontSideView.swift in Sources */,
				AF17F9412A4486A100D5631D /* FrontSideVIew.swift in Sources */,
				AFF528392AB32E1D00CC5453 /* UserWordList.swift in Sources */,
				AFAF810029D9E690002B9921 /* FileMapper.swift in Sources */,
				AF0070942A9DC199001A4084 /* IdiomView.swift in Sources */,
				AFAF80F129D9DC5F002B9921 /* IFileManager.swift in Sources */,
				AF17F93F2A4485BF00D5631D /* LearningCardView.swift in Sources */,
				AF1EB05C2A97618A00850A3B /* WordRowView.swift in Sources */,
				AFEF74452AB4B1B5002AB67D /* UserListView.swift in Sources */,
				AF17F93C2A44844200D5631D /* TabBarButton.swift in Sources */,
				AF1EB0642A97760C00850A3B /* KanaModel.swift in Sources */,
				AF00708D2A9CEC0E001A4084 /* LinesView.swift in Sources */,
				AF52678D2A950B2F00A14CCD /* Json.swift in Sources */,
				AF3A72C22A80512800A5513C /* PartialRoundedRectangle.swift in Sources */,
				AFA6704D2A4B23BB00ED639D /* CoreDataManager.swift in Sources */,
				AF6A2E0129E62CDA00D7C1A9 /* RefactoredStores.swift in Sources */,
				AF17F94B2A44A1E000D5631D /* IDataMapper.swift in Sources */,
				AF17F9432A4486AC00D5631D /* BackSideView.swift in Sources */,
				AF1EB0602A9775A800850A3B /* KanaMapper.swift in Sources */,
				AF960B492A85734100A33373 /* KanjiFlow.swift in Sources */,
				AFC3CB9C2A8587AA00DD59D4 /* LearningCell.swift in Sources */,
				AF17F9472A449B1700D5631D /* DictionaryModel.swift in Sources */,
				AF17F94F2A478D1400D5631D /* SelectLevel.swift in Sources */,
				AF6A2E0629E7267400D7C1A9 /* IStore.swift in Sources */,
				AFAF80EE29D9CEBF002B9921 /* KanjiModel.swift in Sources */,
				AF00708A2A9BD960001A4084 /* JoinedTextView.swift in Sources */,
				AFFC08AD2A822AF60043B741 /* KanjiView.swift in Sources */,
				AF3A72B82A7D1C3000A5513C /* ScrollPartsModifires.swift in Sources */,
				AF1EB07A2A99693200850A3B /* String + Extensions.swift in Sources */,
				AF960B412A83C70600A33373 /* CustomSlider.swift in Sources */,
				AF960B472A8563C200A33373 /* Modifiers.swift in Sources */,
				AF6A2E0429E721BE00D7C1A9 /* KanjiStore.swift in Sources */,
				AFEF74492AB5C6B4002AB67D /* View + Extension.swift in Sources */,
				AF5600772AA46C9400F0123C /* YojijukugoModel.swift in Sources */,
				AFAF810429D9E801002B9921 /* KanjiMapper.swift in Sources */,
				AFFC08B42A823EAB0043B741 /* LevelButton.swift in Sources */,
				AF69CE712A001739009C7B92 /* ButtonsImages.swift in Sources */,
				AF960B432A855DD000A33373 /* LearningView.swift in Sources */,
				AFAF80F429D9DCD6002B9921 /* FileManage.swift in Sources */,
				AF4F2AA02AB1C13400F38EE9 /* GiseigoModel.swift in Sources */,
				AF3A72BA2A7D4AD500A5513C /* CloseScrollView.swift in Sources */,
				AFF528372AB2F71200CC5453 /* SelectedKanjiListRow.swift in Sources */,
				AFF443A22A51B05100FF4404 /* SavedData.xcdatamodeld in Sources */,
				AFC3CB9E2A85B78500DD59D4 /* DismissButton.swift in Sources */,
				AF0070882A9B65D9001A4084 /* WordExampleView.swift in Sources */,
				AFAF80FE29D9E59C002B9921 /* IFileMapper.swift in Sources */,
				AF3A72BC2A7E4AC500A5513C /* ElementSize.swift in Sources */,
				AF4F2AA22AB1C67000F38EE9 /* GiseigoStore.swift in Sources */,
				AFFC08C62A82CE4D0043B741 /* ProgressIndicatorLine.swift in Sources */,
				AF6A2DF229E5AF5100D7C1A9 /* BackgroundView.swift in Sources */,
				AF30EB0229EAB7DF00E5B7A9 /* OpenScrollView.swift in Sources */,
				AF1EB0662A97796600850A3B /* KanaStore.swift in Sources */,
				AFB32FE92A93825F00934C09 /* WordDetailView.swift in Sources */,
				AF30EB1129EB0A0C00E5B7A9 /* Level.swift in Sources */,
				AFBA6FF929F3640F008E11BB /* CustomFonts.swift in Sources */,
				AFFC08B02A8234980043B741 /* CustomNavigationBarView.swift in Sources */,
				AFAF80DA29D9C646002B9921 /* KanjiProjectApp.swift in Sources */,
				AFFC08C42A82A6840043B741 /* Settings.swift in Sources */,
				AF1EB06A2A98E12A00850A3B /* KanjiToUserListView.swift in Sources */,
				AF9CCE6829F3C12F006B17F3 /* MainTabView.swift in Sources */,
			);
			runOnlyForDeploymentPostprocessing = 0;
		};
/* End PBXSourcesBuildPhase section */

/* Begin XCBuildConfiguration section */
		AFAF80E229D9C647002B9921 /* Debug */ = {
			isa = XCBuildConfiguration;
			buildSettings = {
				ALWAYS_SEARCH_USER_PATHS = NO;
				CLANG_ANALYZER_NONNULL = YES;
				CLANG_ANALYZER_NUMBER_OBJECT_CONVERSION = YES_AGGRESSIVE;
				CLANG_CXX_LANGUAGE_STANDARD = "gnu++20";
				CLANG_ENABLE_MODULES = YES;
				CLANG_ENABLE_OBJC_ARC = YES;
				CLANG_ENABLE_OBJC_WEAK = YES;
				CLANG_WARN_BLOCK_CAPTURE_AUTORELEASING = YES;
				CLANG_WARN_BOOL_CONVERSION = YES;
				CLANG_WARN_COMMA = YES;
				CLANG_WARN_CONSTANT_CONVERSION = YES;
				CLANG_WARN_DEPRECATED_OBJC_IMPLEMENTATIONS = YES;
				CLANG_WARN_DIRECT_OBJC_ISA_USAGE = YES_ERROR;
				CLANG_WARN_DOCUMENTATION_COMMENTS = YES;
				CLANG_WARN_EMPTY_BODY = YES;
				CLANG_WARN_ENUM_CONVERSION = YES;
				CLANG_WARN_INFINITE_RECURSION = YES;
				CLANG_WARN_INT_CONVERSION = YES;
				CLANG_WARN_NON_LITERAL_NULL_CONVERSION = YES;
				CLANG_WARN_OBJC_IMPLICIT_RETAIN_SELF = YES;
				CLANG_WARN_OBJC_LITERAL_CONVERSION = YES;
				CLANG_WARN_OBJC_ROOT_CLASS = YES_ERROR;
				CLANG_WARN_QUOTED_INCLUDE_IN_FRAMEWORK_HEADER = YES;
				CLANG_WARN_RANGE_LOOP_ANALYSIS = YES;
				CLANG_WARN_STRICT_PROTOTYPES = YES;
				CLANG_WARN_SUSPICIOUS_MOVE = YES;
				CLANG_WARN_UNGUARDED_AVAILABILITY = YES_AGGRESSIVE;
				CLANG_WARN_UNREACHABLE_CODE = YES;
				CLANG_WARN__DUPLICATE_METHOD_MATCH = YES;
				COPY_PHASE_STRIP = NO;
				DEBUG_INFORMATION_FORMAT = dwarf;
				ENABLE_STRICT_OBJC_MSGSEND = YES;
				ENABLE_TESTABILITY = YES;
				GCC_C_LANGUAGE_STANDARD = gnu11;
				GCC_DYNAMIC_NO_PIC = NO;
				GCC_NO_COMMON_BLOCKS = YES;
				GCC_OPTIMIZATION_LEVEL = 0;
				GCC_PREPROCESSOR_DEFINITIONS = (
					"DEBUG=1",
					"$(inherited)",
				);
				GCC_WARN_64_TO_32_BIT_CONVERSION = YES;
				GCC_WARN_ABOUT_RETURN_TYPE = YES_ERROR;
				GCC_WARN_UNDECLARED_SELECTOR = YES;
				GCC_WARN_UNINITIALIZED_AUTOS = YES_AGGRESSIVE;
				GCC_WARN_UNUSED_FUNCTION = YES;
				GCC_WARN_UNUSED_VARIABLE = YES;
				IPHONEOS_DEPLOYMENT_TARGET = 16.2;
				MTL_ENABLE_DEBUG_INFO = INCLUDE_SOURCE;
				MTL_FAST_MATH = YES;
				ONLY_ACTIVE_ARCH = YES;
				SDKROOT = iphoneos;
				SWIFT_ACTIVE_COMPILATION_CONDITIONS = DEBUG;
				SWIFT_OPTIMIZATION_LEVEL = "-Onone";
			};
			name = Debug;
		};
		AFAF80E329D9C647002B9921 /* Release */ = {
			isa = XCBuildConfiguration;
			buildSettings = {
				ALWAYS_SEARCH_USER_PATHS = NO;
				CLANG_ANALYZER_NONNULL = YES;
				CLANG_ANALYZER_NUMBER_OBJECT_CONVERSION = YES_AGGRESSIVE;
				CLANG_CXX_LANGUAGE_STANDARD = "gnu++20";
				CLANG_ENABLE_MODULES = YES;
				CLANG_ENABLE_OBJC_ARC = YES;
				CLANG_ENABLE_OBJC_WEAK = YES;
				CLANG_WARN_BLOCK_CAPTURE_AUTORELEASING = YES;
				CLANG_WARN_BOOL_CONVERSION = YES;
				CLANG_WARN_COMMA = YES;
				CLANG_WARN_CONSTANT_CONVERSION = YES;
				CLANG_WARN_DEPRECATED_OBJC_IMPLEMENTATIONS = YES;
				CLANG_WARN_DIRECT_OBJC_ISA_USAGE = YES_ERROR;
				CLANG_WARN_DOCUMENTATION_COMMENTS = YES;
				CLANG_WARN_EMPTY_BODY = YES;
				CLANG_WARN_ENUM_CONVERSION = YES;
				CLANG_WARN_INFINITE_RECURSION = YES;
				CLANG_WARN_INT_CONVERSION = YES;
				CLANG_WARN_NON_LITERAL_NULL_CONVERSION = YES;
				CLANG_WARN_OBJC_IMPLICIT_RETAIN_SELF = YES;
				CLANG_WARN_OBJC_LITERAL_CONVERSION = YES;
				CLANG_WARN_OBJC_ROOT_CLASS = YES_ERROR;
				CLANG_WARN_QUOTED_INCLUDE_IN_FRAMEWORK_HEADER = YES;
				CLANG_WARN_RANGE_LOOP_ANALYSIS = YES;
				CLANG_WARN_STRICT_PROTOTYPES = YES;
				CLANG_WARN_SUSPICIOUS_MOVE = YES;
				CLANG_WARN_UNGUARDED_AVAILABILITY = YES_AGGRESSIVE;
				CLANG_WARN_UNREACHABLE_CODE = YES;
				CLANG_WARN__DUPLICATE_METHOD_MATCH = YES;
				COPY_PHASE_STRIP = NO;
				DEBUG_INFORMATION_FORMAT = "dwarf-with-dsym";
				ENABLE_NS_ASSERTIONS = NO;
				ENABLE_STRICT_OBJC_MSGSEND = YES;
				GCC_C_LANGUAGE_STANDARD = gnu11;
				GCC_NO_COMMON_BLOCKS = YES;
				GCC_WARN_64_TO_32_BIT_CONVERSION = YES;
				GCC_WARN_ABOUT_RETURN_TYPE = YES_ERROR;
				GCC_WARN_UNDECLARED_SELECTOR = YES;
				GCC_WARN_UNINITIALIZED_AUTOS = YES_AGGRESSIVE;
				GCC_WARN_UNUSED_FUNCTION = YES;
				GCC_WARN_UNUSED_VARIABLE = YES;
				IPHONEOS_DEPLOYMENT_TARGET = 16.2;
				MTL_ENABLE_DEBUG_INFO = NO;
				MTL_FAST_MATH = YES;
				SDKROOT = iphoneos;
				SWIFT_COMPILATION_MODE = wholemodule;
				SWIFT_OPTIMIZATION_LEVEL = "-O";
				VALIDATE_PRODUCT = YES;
			};
			name = Release;
		};
		AFAF80E529D9C647002B9921 /* Debug */ = {
			isa = XCBuildConfiguration;
			buildSettings = {
				ASSETCATALOG_COMPILER_APPICON_NAME = AppIcon;
				ASSETCATALOG_COMPILER_GLOBAL_ACCENT_COLOR_NAME = AccentColor;
				CODE_SIGN_STYLE = Automatic;
				CURRENT_PROJECT_VERSION = 1;
				DEVELOPMENT_ASSET_PATHS = "\"KanjiProject/Preview Content\"";
				DEVELOPMENT_TEAM = 3KF52TUDQF;
				ENABLE_PREVIEWS = YES;
				GENERATE_INFOPLIST_FILE = YES;
				INFOPLIST_FILE = KanjiProject/Info.plist;
				INFOPLIST_KEY_CFBundleDisplayName = "";
				INFOPLIST_KEY_UIApplicationSceneManifest_Generation = YES;
				INFOPLIST_KEY_UILaunchScreen_Generation = YES;
				INFOPLIST_KEY_UISupportedInterfaceOrientations_iPad = "UIInterfaceOrientationPortrait UIInterfaceOrientationPortraitUpsideDown UIInterfaceOrientationLandscapeLeft UIInterfaceOrientationLandscapeRight";
				INFOPLIST_KEY_UISupportedInterfaceOrientations_iPhone = "UIInterfaceOrientationPortrait UIInterfaceOrientationLandscapeLeft UIInterfaceOrientationLandscapeRight";
				LD_RUNPATH_SEARCH_PATHS = (
					"$(inherited)",
					"@executable_path/Frameworks",
				);
				MARKETING_VERSION = 1.0;
				PRODUCT_BUNDLE_IDENTIFIER = MyOwnProject.KanjiProject;
				PRODUCT_NAME = "$(TARGET_NAME)";
				SWIFT_EMIT_LOC_STRINGS = YES;
				SWIFT_VERSION = 5.0;
				TARGETED_DEVICE_FAMILY = "1,2";
			};
			name = Debug;
		};
		AFAF80E629D9C647002B9921 /* Release */ = {
			isa = XCBuildConfiguration;
			buildSettings = {
				ASSETCATALOG_COMPILER_APPICON_NAME = AppIcon;
				ASSETCATALOG_COMPILER_GLOBAL_ACCENT_COLOR_NAME = AccentColor;
				CODE_SIGN_STYLE = Automatic;
				CURRENT_PROJECT_VERSION = 1;
				DEVELOPMENT_ASSET_PATHS = "\"KanjiProject/Preview Content\"";
				DEVELOPMENT_TEAM = 3KF52TUDQF;
				ENABLE_PREVIEWS = YES;
				GENERATE_INFOPLIST_FILE = YES;
				INFOPLIST_FILE = KanjiProject/Info.plist;
				INFOPLIST_KEY_CFBundleDisplayName = "";
				INFOPLIST_KEY_UIApplicationSceneManifest_Generation = YES;
				INFOPLIST_KEY_UILaunchScreen_Generation = YES;
				INFOPLIST_KEY_UISupportedInterfaceOrientations_iPad = "UIInterfaceOrientationPortrait UIInterfaceOrientationPortraitUpsideDown UIInterfaceOrientationLandscapeLeft UIInterfaceOrientationLandscapeRight";
				INFOPLIST_KEY_UISupportedInterfaceOrientations_iPhone = "UIInterfaceOrientationPortrait UIInterfaceOrientationLandscapeLeft UIInterfaceOrientationLandscapeRight";
				LD_RUNPATH_SEARCH_PATHS = (
					"$(inherited)",
					"@executable_path/Frameworks",
				);
				MARKETING_VERSION = 1.0;
				PRODUCT_BUNDLE_IDENTIFIER = MyOwnProject.KanjiProject;
				PRODUCT_NAME = "$(TARGET_NAME)";
				SWIFT_EMIT_LOC_STRINGS = YES;
				SWIFT_VERSION = 5.0;
				TARGETED_DEVICE_FAMILY = "1,2";
			};
			name = Release;
		};
/* End XCBuildConfiguration section */

/* Begin XCConfigurationList section */
		AFAF80D129D9C645002B9921 /* Build configuration list for PBXProject "KanjiProject" */ = {
			isa = XCConfigurationList;
			buildConfigurations = (
				AFAF80E229D9C647002B9921 /* Debug */,
				AFAF80E329D9C647002B9921 /* Release */,
			);
			defaultConfigurationIsVisible = 0;
			defaultConfigurationName = Release;
		};
		AFAF80E429D9C647002B9921 /* Build configuration list for PBXNativeTarget "KanjiProject" */ = {
			isa = XCConfigurationList;
			buildConfigurations = (
				AFAF80E529D9C647002B9921 /* Debug */,
				AFAF80E629D9C647002B9921 /* Release */,
			);
			defaultConfigurationIsVisible = 0;
			defaultConfigurationName = Release;
		};
/* End XCConfigurationList section */

/* Begin XCVersionGroup section */
		AFF443A02A51B05100FF4404 /* SavedData.xcdatamodeld */ = {
			isa = XCVersionGroup;
			children = (
				AFF443A12A51B05100FF4404 /* SavedData.xcdatamodel */,
			);
			currentVersion = AFF443A12A51B05100FF4404 /* SavedData.xcdatamodel */;
			path = SavedData.xcdatamodeld;
			sourceTree = "<group>";
			versionGroupType = wrapper.xcdatamodel;
		};
/* End XCVersionGroup section */
	};
	rootObject = AFAF80CE29D9C645002B9921 /* Project object */;
}
